
Microsoft Visual Studio Solution File, Format Version 12.00
# Visual Studio Version 17
VisualStudioVersion = 17.12.35707.178 d17.12
MinimumVisualStudioVersion = 10.0.40219.1
Project("{FAE04EC0-301F-11D3-BF4B-00C04F79EFBC}") = "VideoCall", "VideoCall\VideoCall.csproj", "{C46C5D88-37AE-43FF-A5EA-AF61E720CAF2}"
EndProject
Global
	GlobalSection(SolutionConfigurationPlatforms) = preSolution
		Debug|Any CPU = Debug|Any CPU
		Release|Any CPU = Release|Any CPU
	EndGlobalSection
	GlobalSection(ProjectConfigurationPlatforms) = postSolution
		{C46C5D88-37AE-43FF-A5EA-AF61E720CAF2}.Debug|Any CPU.ActiveCfg = Debug|Any CPU
		{C46C5D88-37AE-43FF-A5EA-AF61E720CAF2}.Debug|Any CPU.Build.0 = Debug|Any CPU
		{C46C5D88-37AE-43FF-A5EA-AF61E720CAF2}.Release|Any CPU.ActiveCfg = Release|Any CPU
		{C46C5D88-37AE-43FF-A5EA-AF61E720CAF2}.Release|Any CPU.Build.0 = Release|Any CPU
	EndGlobalSection
	GlobalSection(SolutionProperties) = preSolution
		HideSolutionNode = FALSE
	EndGlobalSection
EndGlobal
